
Microsoft Visual Studio Solution File, Format Version 12.00
# Visual Studio Version 16
VisualStudioVersion = 16.0.31605.320
MinimumVisualStudioVersion = 10.0.40219.1
Project("{FAE04EC0-301F-11D3-BF4B-00C04F79EFBC}") = "Task1", "Task1\Task1.csproj", "{D943379B-81DE-4D3F-A51B-D12071D10432}"
EndProject
Project("{FAE04EC0-301F-11D3-BF4B-00C04F79EFBC}") = "ReferenceTask1", "ReferenceTask1\ReferenceTask1.csproj", "{3CD2806D-0556-467E-BAED-D7D1F3000B6D}"
EndProject
Global
	GlobalSection(SolutionConfigurationPlatforms) = preSolution
		Debug|Any CPU = Debug|Any CPU
		Release|Any CPU = Release|Any CPU
	EndGlobalSection
	GlobalSection(ProjectConfigurationPlatforms) = postSolution
		{D943379B-81DE-4D3F-A51B-D12071D10432}.Debug|Any CPU.ActiveCfg = Debug|Any CPU
		{D943379B-81DE-4D3F-A51B-D12071D10432}.Debug|Any CPU.Build.0 = Debug|Any CPU
		{D943379B-81DE-4D3F-A51B-D12071D10432}.Release|Any CPU.ActiveCfg = Release|Any CPU
		{D943379B-81DE-4D3F-A51B-D12071D10432}.Release|Any CPU.Build.0 = Release|Any CPU
		{3CD2806D-0556-467E-BAED-D7D1F3000B6D}.Debug|Any CPU.ActiveCfg = Debug|Any CPU
		{3CD2806D-0556-467E-BAED-D7D1F3000B6D}.Debug|Any CPU.Build.0 = Debug|Any CPU
		{3CD2806D-0556-467E-BAED-D7D1F3000B6D}.Release|Any CPU.ActiveCfg = Release|Any CPU
		{3CD2806D-0556-467E-BAED-D7D1F3000B6D}.Release|Any CPU.Build.0 = Release|Any CPU
	EndGlobalSection
	GlobalSection(SolutionProperties) = preSolution
		HideSolutionNode = FALSE
	EndGlobalSection
	GlobalSection(ExtensibilityGlobals) = postSolution
		SolutionGuid = {4F74774B-DBBD-4A91-ACCC-47F2581BE5D2}
	EndGlobalSection
EndGlobal
